// !$*UTF8*$!
{
	archiveVersion = 1;
	classes = {
	};
	objectVersion = 51;
	objects = {

/* Begin PBXBuildFile section */
		306ADD2F2625304F006BD671 /* AppDelegate.swift in Sources */ = {isa = PBXBuildFile; fileRef = 306ADD2E2625304F006BD671 /* AppDelegate.swift */; };
		306ADD312625304F006BD671 /* SceneDelegate.swift in Sources */ = {isa = PBXBuildFile; fileRef = 306ADD302625304F006BD671 /* SceneDelegate.swift */; };
		306ADD3B26253050006BD671 /* LaunchScreen.storyboard in Resources */ = {isa = PBXBuildFile; fileRef = 306ADD3926253050006BD671 /* LaunchScreen.storyboard */; };
		306ADD80262535FD006BD671 /* GoogleService-Info.plist in Resources */ = {isa = PBXBuildFile; fileRef = 306ADD7F262535FD006BD671 /* GoogleService-Info.plist */; };
		306ADD842625375D006BD671 /* LoginViewController.swift in Sources */ = {isa = PBXBuildFile; fileRef = 306ADD832625375D006BD671 /* LoginViewController.swift */; };
		306ADD8726253799006BD671 /* MainNavigationController.swift in Sources */ = {isa = PBXBuildFile; fileRef = 306ADD8626253799006BD671 /* MainNavigationController.swift */; };
		306ADD8A26253808006BD671 /* UploadPhotoViewController.swift in Sources */ = {isa = PBXBuildFile; fileRef = 306ADD8926253808006BD671 /* UploadPhotoViewController.swift */; };
		306ADD8D26253837006BD671 /* DetailViewController.swift in Sources */ = {isa = PBXBuildFile; fileRef = 306ADD8C26253837006BD671 /* DetailViewController.swift */; };
		306ADD9026253865006BD671 /* LoginNavigationControllerViewController.swift in Sources */ = {isa = PBXBuildFile; fileRef = 306ADD8F26253865006BD671 /* LoginNavigationControllerViewController.swift */; };
		306ADD932625388F006BD671 /* SignInViewController.swift in Sources */ = {isa = PBXBuildFile; fileRef = 306ADD922625388F006BD671 /* SignInViewController.swift */; };
		306ADD96262538B6006BD671 /* APICaller.swift in Sources */ = {isa = PBXBuildFile; fileRef = 306ADD95262538B6006BD671 /* APICaller.swift */; };
		306ADD99262538D6006BD671 /* AuthManager.swift in Sources */ = {isa = PBXBuildFile; fileRef = 306ADD98262538D6006BD671 /* AuthManager.swift */; };
		306ADD9C262538FB006BD671 /* UploadHeaderDelegate.swift in Sources */ = {isa = PBXBuildFile; fileRef = 306ADD9B262538FB006BD671 /* UploadHeaderDelegate.swift */; };
		306ADD9F2625399E006BD671 /* ImageCollectionViewCell.swift in Sources */ = {isa = PBXBuildFile; fileRef = 306ADD9E2625399E006BD671 /* ImageCollectionViewCell.swift */; };
		306ADDA3262539C9006BD671 /* HeaderCollectionReusableView.swift in Sources */ = {isa = PBXBuildFile; fileRef = 306ADDA2262539C9006BD671 /* HeaderCollectionReusableView.swift */; };
		306ADDA826253AE6006BD671 /* Extensions.swift in Sources */ = {isa = PBXBuildFile; fileRef = 306ADDA726253AE6006BD671 /* Extensions.swift */; };
		306ADDAF26253DFF006BD671 /* Assets.xcassets in Resources */ = {isa = PBXBuildFile; fileRef = 306ADDAE26253DFF006BD671 /* Assets.xcassets */; };
		CF3571088CCFD22B2CDF69EB /* Pods_ImageUploader.framework in Frameworks */ = {isa = PBXBuildFile; fileRef = 6CC2AA4A5BAECE81EF341498 /* Pods_ImageUploader.framework */; };
/* End PBXBuildFile section */

/* Begin PBXFileReference section */
		22977D6CBE6C3561A76925A2 /* Pods-ImageUploader.debug.xcconfig */ = {isa = PBXFileReference; includeInIndex = 1; lastKnownFileType = text.xcconfig; name = "Pods-ImageUploader.debug.xcconfig"; path = "Target Support Files/Pods-ImageUploader/Pods-ImageUploader.debug.xcconfig"; sourceTree = "<group>"; };
		306ADD2B2625304F006BD671 /* ImageUploader.app */ = {isa = PBXFileReference; explicitFileType = wrapper.application; includeInIndex = 0; path = ImageUploader.app; sourceTree = BUILT_PRODUCTS_DIR; };
		306ADD2E2625304F006BD671 /* AppDelegate.swift */ = {isa = PBXFileReference; lastKnownFileType = sourcecode.swift; path = AppDelegate.swift; sourceTree = "<group>"; };
		306ADD302625304F006BD671 /* SceneDelegate.swift */ = {isa = PBXFileReference; lastKnownFileType = sourcecode.swift; path = SceneDelegate.swift; sourceTree = "<group>"; };
		306ADD3A26253050006BD671 /* Base */ = {isa = PBXFileReference; lastKnownFileType = file.storyboard; name = Base; path = Base.lproj/LaunchScreen.storyboard; sourceTree = "<group>"; };
		306ADD3C26253050006BD671 /* Info.plist */ = {isa = PBXFileReference; lastKnownFileType = text.plist.xml; path = Info.plist; sourceTree = "<group>"; };
		306ADD7F262535FD006BD671 /* GoogleService-Info.plist */ = {isa = PBXFileReference; fileEncoding = 4; lastKnownFileType = text.plist.xml; path = "GoogleService-Info.plist"; sourceTree = "<group>"; };
		306ADD832625375D006BD671 /* LoginViewController.swift */ = {isa = PBXFileReference; lastKnownFileType = sourcecode.swift; path = LoginViewController.swift; sourceTree = "<group>"; };
		306ADD8626253799006BD671 /* MainNavigationController.swift */ = {isa = PBXFileReference; lastKnownFileType = sourcecode.swift; path = MainNavigationController.swift; sourceTree = "<group>"; };
		306ADD8926253808006BD671 /* UploadPhotoViewController.swift */ = {isa = PBXFileReference; lastKnownFileType = sourcecode.swift; path = UploadPhotoViewController.swift; sourceTree = "<group>"; };
		306ADD8C26253837006BD671 /* DetailViewController.swift */ = {isa = PBXFileReference; lastKnownFileType = sourcecode.swift; path = DetailViewController.swift; sourceTree = "<group>"; };
		306ADD8F26253865006BD671 /* LoginNavigationControllerViewController.swift */ = {isa = PBXFileReference; lastKnownFileType = sourcecode.swift; path = LoginNavigationControllerViewController.swift; sourceTree = "<group>"; };
		306ADD922625388F006BD671 /* SignInViewController.swift */ = {isa = PBXFileReference; lastKnownFileType = sourcecode.swift; path = SignInViewController.swift; sourceTree = "<group>"; };
		306ADD95262538B6006BD671 /* APICaller.swift */ = {isa = PBXFileReference; lastKnownFileType = sourcecode.swift; path = APICaller.swift; sourceTree = "<group>"; };
		306ADD98262538D6006BD671 /* AuthManager.swift */ = {isa = PBXFileReference; lastKnownFileType = sourcecode.swift; path = AuthManager.swift; sourceTree = "<group>"; };
		306ADD9B262538FB006BD671 /* UploadHeaderDelegate.swift */ = {isa = PBXFileReference; lastKnownFileType = sourcecode.swift; path = UploadHeaderDelegate.swift; sourceTree = "<group>"; };
		306ADD9E2625399E006BD671 /* ImageCollectionViewCell.swift */ = {isa = PBXFileReference; lastKnownFileType = sourcecode.swift; path = ImageCollectionViewCell.swift; sourceTree = "<group>"; };
		306ADDA2262539C9006BD671 /* HeaderCollectionReusableView.swift */ = {isa = PBXFileReference; lastKnownFileType = sourcecode.swift; path = HeaderCollectionReusableView.swift; sourceTree = "<group>"; };
		306ADDA726253AE6006BD671 /* Extensions.swift */ = {isa = PBXFileReference; lastKnownFileType = sourcecode.swift; path = Extensions.swift; sourceTree = "<group>"; };
		306ADDAE26253DFF006BD671 /* Assets.xcassets */ = {isa = PBXFileReference; lastKnownFileType = folder.assetcatalog; name = Assets.xcassets; path = ImageUploader/Resources/Assets.xcassets; sourceTree = SOURCE_ROOT; };
		6CC2AA4A5BAECE81EF341498 /* Pods_ImageUploader.framework */ = {isa = PBXFileReference; explicitFileType = wrapper.framework; includeInIndex = 0; path = Pods_ImageUploader.framework; sourceTree = BUILT_PRODUCTS_DIR; };
		B8D4334DF524840A85828F58 /* Pods-ImageUploader.release.xcconfig */ = {isa = PBXFileReference; includeInIndex = 1; lastKnownFileType = text.xcconfig; name = "Pods-ImageUploader.release.xcconfig"; path = "Target Support Files/Pods-ImageUploader/Pods-ImageUploader.release.xcconfig"; sourceTree = "<group>"; };
/* End PBXFileReference section */

/* Begin PBXFrameworksBuildPhase section */
		306ADD282625304F006BD671 /* Frameworks */ = {
			isa = PBXFrameworksBuildPhase;
			buildActionMask = 2147483647;
			files = (
				CF3571088CCFD22B2CDF69EB /* Pods_ImageUploader.framework in Frameworks */,
			);
			runOnlyForDeploymentPostprocessing = 0;
		};
/* End PBXFrameworksBuildPhase section */

/* Begin PBXGroup section */
		306ADD222625304F006BD671 = {
			isa = PBXGroup;
			children = (
				306ADD2D2625304F006BD671 /* ImageUploader */,
				306ADD2C2625304F006BD671 /* Products */,
				8CAEEF0A9399AADFB7C380D7 /* Pods */,
				3427A73D61BE4173DE5750CB /* Frameworks */,
			);
			sourceTree = "<group>";
		};
		306ADD2C2625304F006BD671 /* Products */ = {
			isa = PBXGroup;
			children = (
				306ADD2B2625304F006BD671 /* ImageUploader.app */,
			);
			name = Products;
			sourceTree = "<group>";
		};
		306ADD2D2625304F006BD671 /* ImageUploader */ = {
			isa = PBXGroup;
			children = (
				306ADD752625350F006BD671 /* Resources */,
				306ADD71262534F4006BD671 /* Views */,
				306ADD6F262534E5006BD671 /* Protocols */,
				306ADD6D262534DC006BD671 /* Managers */,
				306ADD6B262534D0006BD671 /* Controllers */,
				306ADD7F262535FD006BD671 /* GoogleService-Info.plist */,
				306ADD3C26253050006BD671 /* Info.plist */,
			);
			path = ImageUploader;
			sourceTree = "<group>";
		};
		306ADD6B262534D0006BD671 /* Controllers */ = {
			isa = PBXGroup;
			children = (
				306ADD832625375D006BD671 /* LoginViewController.swift */,
				306ADD8626253799006BD671 /* MainNavigationController.swift */,
				306ADD8926253808006BD671 /* UploadPhotoViewController.swift */,
				306ADD8C26253837006BD671 /* DetailViewController.swift */,
				306ADD8F26253865006BD671 /* LoginNavigationControllerViewController.swift */,
				306ADD922625388F006BD671 /* SignInViewController.swift */,
			);
			path = Controllers;
			sourceTree = "<group>";
		};
		306ADD6D262534DC006BD671 /* Managers */ = {
			isa = PBXGroup;
			children = (
				306ADD95262538B6006BD671 /* APICaller.swift */,
				306ADD98262538D6006BD671 /* AuthManager.swift */,
			);
			path = Managers;
			sourceTree = "<group>";
		};
		306ADD6F262534E5006BD671 /* Protocols */ = {
			isa = PBXGroup;
			children = (
				306ADD9B262538FB006BD671 /* UploadHeaderDelegate.swift */,
			);
			path = Protocols;
			sourceTree = "<group>";
		};
		306ADD71262534F4006BD671 /* Views */ = {
			isa = PBXGroup;
			children = (
				306ADD3926253050006BD671 /* LaunchScreen.storyboard */,
				306ADD9E2625399E006BD671 /* ImageCollectionViewCell.swift */,
				306ADDA2262539C9006BD671 /* HeaderCollectionReusableView.swift */,
			);
			path = Views;
			sourceTree = "<group>";
		};
		306ADD752625350F006BD671 /* Resources */ = {
			isa = PBXGroup;
			children = (
				306ADD2E2625304F006BD671 /* AppDelegate.swift */,
				306ADD302625304F006BD671 /* SceneDelegate.swift */,
				306ADDA726253AE6006BD671 /* Extensions.swift */,
				306ADDAE26253DFF006BD671 /* Assets.xcassets */,
			);
			path = Resources;
			sourceTree = "<group>";
		};
		3427A73D61BE4173DE5750CB /* Frameworks */ = {
			isa = PBXGroup;
			children = (
				6CC2AA4A5BAECE81EF341498 /* Pods_ImageUploader.framework */,
			);
			name = Frameworks;
			sourceTree = "<group>";
		};
		8CAEEF0A9399AADFB7C380D7 /* Pods */ = {
			isa = PBXGroup;
			children = (
				22977D6CBE6C3561A76925A2 /* Pods-ImageUploader.debug.xcconfig */,
				B8D4334DF524840A85828F58 /* Pods-ImageUploader.release.xcconfig */,
			);
			path = Pods;
			sourceTree = "<group>";
		};
/* End PBXGroup section */

/* Begin PBXNativeTarget section */
		306ADD2A2625304F006BD671 /* ImageUploader */ = {
			isa = PBXNativeTarget;
			buildConfigurationList = 306ADD3F26253050006BD671 /* Build configuration list for PBXNativeTarget "ImageUploader" */;
			buildPhases = (
				381C36C4FED381DBA74461BF /* [CP] Check Pods Manifest.lock */,
				306ADD272625304F006BD671 /* Sources */,
				306ADD282625304F006BD671 /* Frameworks */,
				306ADD292625304F006BD671 /* Resources */,
				17B02AA0CC84B40B6ADFA1FB /* [CP] Embed Pods Frameworks */,
				A85AE566D10426C2F79D597B /* [CP] Copy Pods Resources */,
			);
			buildRules = (
			);
			dependencies = (
			);
			name = ImageUploader;
			productName = ImageUploader;
			productReference = 306ADD2B2625304F006BD671 /* ImageUploader.app */;
			productType = "com.apple.product-type.application";
		};
/* End PBXNativeTarget section */

/* Begin PBXProject section */
		306ADD232625304F006BD671 /* Project object */ = {
			isa = PBXProject;
			attributes = {
				LastSwiftUpdateCheck = 1240;
				LastUpgradeCheck = 1240;
				TargetAttributes = {
					306ADD2A2625304F006BD671 = {
						CreatedOnToolsVersion = 12.4;
					};
				};
			};
			buildConfigurationList = 306ADD262625304F006BD671 /* Build configuration list for PBXProject "ImageUploader" */;
			compatibilityVersion = "Xcode 9.3";
			developmentRegion = en;
			hasScannedForEncodings = 0;
			knownRegions = (
				en,
				Base,
			);
			mainGroup = 306ADD222625304F006BD671;
			productRefGroup = 306ADD2C2625304F006BD671 /* Products */;
			projectDirPath = "";
			projectRoot = "";
			targets = (
				306ADD2A2625304F006BD671 /* ImageUploader */,
			);
		};
/* End PBXProject section */

/* Begin PBXResourcesBuildPhase section */
		306ADD292625304F006BD671 /* Resources */ = {
			isa = PBXResourcesBuildPhase;
			buildActionMask = 2147483647;
			files = (
				306ADD3B26253050006BD671 /* LaunchScreen.storyboard in Resources */,
				306ADDAF26253DFF006BD671 /* Assets.xcassets in Resources */,
				306ADD80262535FD006BD671 /* GoogleService-Info.plist in Resources */,
			);
			runOnlyForDeploymentPostprocessing = 0;
		};
/* End PBXResourcesBuildPhase section */

/* Begin PBXShellScriptBuildPhase section */
		17B02AA0CC84B40B6ADFA1FB /* [CP] Embed Pods Frameworks */ = {
			isa = PBXShellScriptBuildPhase;
			buildActionMask = 2147483647;
			files = (
			);
			inputFileListPaths = (
				"${PODS_ROOT}/Target Support Files/Pods-ImageUploader/Pods-ImageUploader-frameworks-${CONFIGURATION}-input-files.xcfilelist",
			);
			name = "[CP] Embed Pods Frameworks";
			outputFileListPaths = (
				"${PODS_ROOT}/Target Support Files/Pods-ImageUploader/Pods-ImageUploader-frameworks-${CONFIGURATION}-output-files.xcfilelist",
			);
			runOnlyForDeploymentPostprocessing = 0;
			shellPath = /bin/sh;
			shellScript = "\"${PODS_ROOT}/Target Support Files/Pods-ImageUploader/Pods-ImageUploader-frameworks.sh\"\n";
			showEnvVarsInLog = 0;
		};
		381C36C4FED381DBA74461BF /* [CP] Check Pods Manifest.lock */ = {
			isa = PBXShellScriptBuildPhase;
			buildActionMask = 2147483647;
			files = (
			);
			inputFileListPaths = (
			);
			inputPaths = (
				"${PODS_PODFILE_DIR_PATH}/Podfile.lock",
				"${PODS_ROOT}/Manifest.lock",
			);
			name = "[CP] Check Pods Manifest.lock";
			outputFileListPaths = (
			);
			outputPaths = (
				"$(DERIVED_FILE_DIR)/Pods-ImageUploader-checkManifestLockResult.txt",
			);
			runOnlyForDeploymentPostprocessing = 0;
			shellPath = /bin/sh;
			shellScript = "diff \"${PODS_PODFILE_DIR_PATH}/Podfile.lock\" \"${PODS_ROOT}/Manifest.lock\" > /dev/null\nif [ $? != 0 ] ; then\n    # print error to STDERR\n    echo \"error: The sandbox is not in sync with the Podfile.lock. Run 'pod install' or update your CocoaPods installation.\" >&2\n    exit 1\nfi\n# This output is used by Xcode 'outputs' to avoid re-running this script phase.\necho \"SUCCESS\" > \"${SCRIPT_OUTPUT_FILE_0}\"\n";
			showEnvVarsInLog = 0;
		};
		A85AE566D10426C2F79D597B /* [CP] Copy Pods Resources */ = {
			isa = PBXShellScriptBuildPhase;
			buildActionMask = 2147483647;
			files = (
			);
			inputFileListPaths = (
				"${PODS_ROOT}/Target Support Files/Pods-ImageUploader/Pods-ImageUploader-resources-${CONFIGURATION}-input-files.xcfilelist",
			);
			name = "[CP] Copy Pods Resources";
			outputFileListPaths = (
				"${PODS_ROOT}/Target Support Files/Pods-ImageUploader/Pods-ImageUploader-resources-${CONFIGURATION}-output-files.xcfilelist",
			);
			runOnlyForDeploymentPostprocessing = 0;
			shellPath = /bin/sh;
			shellScript = "\"${PODS_ROOT}/Target Support Files/Pods-ImageUploader/Pods-ImageUploader-resources.sh\"\n";
			showEnvVarsInLog = 0;
		};
/* End PBXShellScriptBuildPhase section */

/* Begin PBXSourcesBuildPhase section */
		306ADD272625304F006BD671 /* Sources */ = {
			isa = PBXSourcesBuildPhase;
			buildActionMask = 2147483647;
			files = (
				306ADDA3262539C9006BD671 /* HeaderCollectionReusableView.swift in Sources */,
				306ADD8726253799006BD671 /* MainNavigationController.swift in Sources */,
				306ADD842625375D006BD671 /* LoginViewController.swift in Sources */,
				306ADD9F2625399E006BD671 /* ImageCollectionViewCell.swift in Sources */,
				306ADD9C262538FB006BD671 /* UploadHeaderDelegate.swift in Sources */,
				306ADD96262538B6006BD671 /* APICaller.swift in Sources */,
				306ADD2F2625304F006BD671 /* AppDelegate.swift in Sources */,
				306ADD9026253865006BD671 /* LoginNavigationControllerViewController.swift in Sources */,
				306ADD932625388F006BD671 /* SignInViewController.swift in Sources */,
				306ADD8A26253808006BD671 /* UploadPhotoViewController.swift in Sources */,
				306ADD99262538D6006BD671 /* AuthManager.swift in Sources */,
				306ADD312625304F006BD671 /* SceneDelegate.swift in Sources */,
				306ADD8D26253837006BD671 /* DetailViewController.swift in Sources */,
				306ADDA826253AE6006BD671 /* Extensions.swift in Sources */,
			);
			runOnlyForDeploymentPostprocessing = 0;
		};
/* End PBXSourcesBuildPhase section */

/* Begin PBXVariantGroup section */
		306ADD3926253050006BD671 /* LaunchScreen.storyboard */ = {
			isa = PBXVariantGroup;
			children = (
				306ADD3A26253050006BD671 /* Base */,
			);
			name = LaunchScreen.storyboard;
			sourceTree = "<group>";
		};
/* End PBXVariantGroup section */

/* Begin XCBuildConfiguration section */
		306ADD3D26253050006BD671 /* Debug */ = {
			isa = XCBuildConfiguration;
			buildSettings = {
				ALWAYS_SEARCH_USER_PATHS = NO;
				CLANG_ANALYZER_NONNULL = YES;
				CLANG_ANALYZER_NUMBER_OBJECT_CONVERSION = YES_AGGRESSIVE;
				CLANG_CXX_LANGUAGE_STANDARD = "gnu++14";
				CLANG_CXX_LIBRARY = "libc++";
				CLANG_ENABLE_MODULES = YES;
				CLANG_ENABLE_OBJC_ARC = YES;
				CLANG_ENABLE_OBJC_WEAK = YES;
				CLANG_WARN_BLOCK_CAPTURE_AUTORELEASING = YES;
				CLANG_WARN_BOOL_CONVERSION = YES;
				CLANG_WARN_COMMA = YES;
				CLANG_WARN_CONSTANT_CONVERSION = YES;
				CLANG_WARN_DEPRECATED_OBJC_IMPLEMENTATIONS = YES;
				CLANG_WARN_DIRECT_OBJC_ISA_USAGE = YES_ERROR;
				CLANG_WARN_DOCUMENTATION_COMMENTS = YES;
				CLANG_WARN_EMPTY_BODY = YES;
				CLANG_WARN_ENUM_CONVERSION = YES;
				CLANG_WARN_INFINITE_RECURSION = YES;
				CLANG_WARN_INT_CONVERSION = YES;
				CLANG_WARN_NON_LITERAL_NULL_CONVERSION = YES;
				CLANG_WARN_OBJC_IMPLICIT_RETAIN_SELF = YES;
				CLANG_WARN_OBJC_LITERAL_CONVERSION = YES;
				CLANG_WARN_OBJC_ROOT_CLASS = YES_ERROR;
				CLANG_WARN_QUOTED_INCLUDE_IN_FRAMEWORK_HEADER = YES;
				CLANG_WARN_RANGE_LOOP_ANALYSIS = YES;
				CLANG_WARN_STRICT_PROTOTYPES = YES;
				CLANG_WARN_SUSPICIOUS_MOVE = YES;
				CLANG_WARN_UNGUARDED_AVAILABILITY = YES_AGGRESSIVE;
				CLANG_WARN_UNREACHABLE_CODE = YES;
				CLANG_WARN__DUPLICATE_METHOD_MATCH = YES;
				COPY_PHASE_STRIP = NO;
				DEBUG_INFORMATION_FORMAT = dwarf;
				ENABLE_STRICT_OBJC_MSGSEND = YES;
				ENABLE_TESTABILITY = YES;
				GCC_C_LANGUAGE_STANDARD = gnu11;
				GCC_DYNAMIC_NO_PIC = NO;
				GCC_NO_COMMON_BLOCKS = YES;
				GCC_OPTIMIZATION_LEVEL = 0;
				GCC_PREPROCESSOR_DEFINITIONS = (
					"DEBUG=1",
					"$(inherited)",
				);
				GCC_WARN_64_TO_32_BIT_CONVERSION = YES;
				GCC_WARN_ABOUT_RETURN_TYPE = YES_ERROR;
				GCC_WARN_UNDECLARED_SELECTOR = YES;
				GCC_WARN_UNINITIALIZED_AUTOS = YES_AGGRESSIVE;
				GCC_WARN_UNUSED_FUNCTION = YES;
				GCC_WARN_UNUSED_VARIABLE = YES;
				IPHONEOS_DEPLOYMENT_TARGET = 14.4;
				MTL_ENABLE_DEBUG_INFO = INCLUDE_SOURCE;
				MTL_FAST_MATH = YES;
				ONLY_ACTIVE_ARCH = YES;
				SDKROOT = iphoneos;
				SWIFT_ACTIVE_COMPILATION_CONDITIONS = DEBUG;
				SWIFT_OPTIMIZATION_LEVEL = "-Onone";
			};
			name = Debug;
		};
		306ADD3E26253050006BD671 /* Release */ = {
			isa = XCBuildConfiguration;
			buildSettings = {
				ALWAYS_SEARCH_USER_PATHS = NO;
				CLANG_ANALYZER_NONNULL = YES;
				CLANG_ANALYZER_NUMBER_OBJECT_CONVERSION = YES_AGGRESSIVE;
				CLANG_CXX_LANGUAGE_STANDARD = "gnu++14";
				CLANG_CXX_LIBRARY = "libc++";
				CLANG_ENABLE_MODULES = YES;
				CLANG_ENABLE_OBJC_ARC = YES;
				CLANG_ENABLE_OBJC_WEAK = YES;
				CLANG_WARN_BLOCK_CAPTURE_AUTORELEASING = YES;
				CLANG_WARN_BOOL_CONVERSION = YES;
				CLANG_WARN_COMMA = YES;
				CLANG_WARN_CONSTANT_CONVERSION = YES;
				CLANG_WARN_DEPRECATED_OBJC_IMPLEMENTATIONS = YES;
				CLANG_WARN_DIRECT_OBJC_ISA_USAGE = YES_ERROR;
				CLANG_WARN_DOCUMENTATION_COMMENTS = YES;
				CLANG_WARN_EMPTY_BODY = YES;
				CLANG_WARN_ENUM_CONVERSION = YES;
				CLANG_WARN_INFINITE_RECURSION = YES;
				CLANG_WARN_INT_CONVERSION = YES;
				CLANG_WARN_NON_LITERAL_NULL_CONVERSION = YES;
				CLANG_WARN_OBJC_IMPLICIT_RETAIN_SELF = YES;
				CLANG_WARN_OBJC_LITERAL_CONVERSION = YES;
				CLANG_WARN_OBJC_ROOT_CLASS = YES_ERROR;
				CLANG_WARN_QUOTED_INCLUDE_IN_FRAMEWORK_HEADER = YES;
				CLANG_WARN_RANGE_LOOP_ANALYSIS = YES;
				CLANG_WARN_STRICT_PROTOTYPES = YES;
				CLANG_WARN_SUSPICIOUS_MOVE = YES;
				CLANG_WARN_UNGUARDED_AVAILABILITY = YES_AGGRESSIVE;
				CLANG_WARN_UNREACHABLE_CODE = YES;
				CLANG_WARN__DUPLICATE_METHOD_MATCH = YES;
				COPY_PHASE_STRIP = NO;
				DEBUG_INFORMATION_FORMAT = "dwarf-with-dsym";
				ENABLE_NS_ASSERTIONS = NO;
				ENABLE_STRICT_OBJC_MSGSEND = YES;
				GCC_C_LANGUAGE_STANDARD = gnu11;
				GCC_NO_COMMON_BLOCKS = YES;
				GCC_WARN_64_TO_32_BIT_CONVERSION = YES;
				GCC_WARN_ABOUT_RETURN_TYPE = YES_ERROR;
				GCC_WARN_UNDECLARED_SELECTOR = YES;
				GCC_WARN_UNINITIALIZED_AUTOS = YES_AGGRESSIVE;
				GCC_WARN_UNUSED_FUNCTION = YES;
				GCC_WARN_UNUSED_VARIABLE = YES;
				IPHONEOS_DEPLOYMENT_TARGET = 14.4;
				MTL_ENABLE_DEBUG_INFO = NO;
				MTL_FAST_MATH = YES;
				SDKROOT = iphoneos;
				SWIFT_COMPILATION_MODE = wholemodule;
				SWIFT_OPTIMIZATION_LEVEL = "-O";
				VALIDATE_PRODUCT = YES;
			};
			name = Release;
		};
		306ADD4026253050006BD671 /* Debug */ = {
			isa = XCBuildConfiguration;
			baseConfigurationReference = 22977D6CBE6C3561A76925A2 /* Pods-ImageUploader.debug.xcconfig */;
			buildSettings = {
				ASSETCATALOG_COMPILER_APPICON_NAME = AppIcon;
				ASSETCATALOG_COMPILER_GLOBAL_ACCENT_COLOR_NAME = AccentColor;
				CODE_SIGN_STYLE = Automatic;
				DEVELOPMENT_TEAM = NDQFNTARQV;
				INFOPLIST_FILE = ImageUploader/Info.plist;
				LD_RUNPATH_SEARCH_PATHS = (
					"$(inherited)",
					"@executable_path/Frameworks",
				);
				PRODUCT_BUNDLE_IDENTIFIER = com.abe.ImageUploader;
				PRODUCT_NAME = "$(TARGET_NAME)";
				SWIFT_VERSION = 5.0;
				TARGETED_DEVICE_FAMILY = "1,2";
			};
			name = Debug;
		};
		306ADD4126253050006BD671 /* Release */ = {
			isa = XCBuildConfiguration;
			baseConfigurationReference = B8D4334DF524840A85828F58 /* Pods-ImageUploader.release.xcconfig */;
			buildSettings = {
				ASSETCATALOG_COMPILER_APPICON_NAME = AppIcon;
				ASSETCATALOG_COMPILER_GLOBAL_ACCENT_COLOR_NAME = AccentColor;
				CODE_SIGN_STYLE = Automatic;
				DEVELOPMENT_TEAM = NDQFNTARQV;
				INFOPLIST_FILE = ImageUploader/Info.plist;
				LD_RUNPATH_SEARCH_PATHS = (
					"$(inherited)",
					"@executable_path/Frameworks",
				);
				PRODUCT_BUNDLE_IDENTIFIER = com.abe.ImageUploader;
				PRODUCT_NAME = "$(TARGET_NAME)";
				SWIFT_VERSION = 5.0;
				TARGETED_DEVICE_FAMILY = "1,2";
			};
			name = Release;
		};
/* End XCBuildConfiguration section */

/* Begin XCConfigurationList section */
		306ADD262625304F006BD671 /* Build configuration list for PBXProject "ImageUploader" */ = {
			isa = XCConfigurationList;
			buildConfigurations = (
				306ADD3D26253050006BD671 /* Debug */,
				306ADD3E26253050006BD671 /* Release */,
			);
			defaultConfigurationIsVisible = 0;
			defaultConfigurationName = Release;
		};
		306ADD3F26253050006BD671 /* Build configuration list for PBXNativeTarget "ImageUploader" */ = {
			isa = XCConfigurationList;
			buildConfigurations = (
				306ADD4026253050006BD671 /* Debug */,
				306ADD4126253050006BD671 /* Release */,
			);
			defaultConfigurationIsVisible = 0;
			defaultConfigurationName = Release;
		};
/* End XCConfigurationList section */
	};
	rootObject = 306ADD232625304F006BD671 /* Project object */;
}
